{
  "name": "gex-tools",
  "lockfileVersion": 3,
  "requires": true,
  "packages": {
    "": {
      "name": "gex-tools",
      "hasInstallScript": true,
      "devDependencies": {
        "@heyphat/piner": "0.13.0",
        "pinescript-v6-validator": "0.4.0"
      }
    },
    "node_modules/@heyphat/piner": {
      "version": "0.13.0",
      "resolved": "https://registry.npmjs.org/@heyphat/piner/-/piner-0.13.0.tgz",
      "integrity": "sha512-wyZp7irvRiBBoSkLINDqufqRsc6rZH7uoIwk1dZHlKIkLBz+fpeBi7mbgumRxiyBNZf2dN6YmiE6swRhWE9wNw==",
      "dev": true,
      "license": "AGPL-3.0-only",
      "engines": {
        "node": ">=18"
      }
    },
    "node_modules/pinescript-v6-validator": {
      "version": "0.4.0",
      "resolved": "https://registry.npmjs.org/pinescript-v6-validator/-/pinescript-v6-validator-0.4.0.tgz",
      "integrity": "sha512-nC+W3lEEpxLtv8zCQLg/tKFNkZEZkOaypgQ+AmKuNalUUfFmRb8xu76j4Nt00Jwd4cZSKovIQiDKXw8B9i+geg==",
      "dev": true,
      "license": "MIT",
      "engines": {
        "node": ">=18"
      }
    }
  }
}
